// !$*UTF8*$!
{
	archiveVersion = 1;
	classes = {
	};
	objectVersion = 56;
	objects = {

/* Begin PBXBuildFile section */
		48253EB52B245B6400743AA1 /* LatLngDataModel.swift in Sources */ = {isa = PBXBuildFile; fileRef = 48253EB42B245B6400743AA1 /* LatLngDataModel.swift */; };
		484B107C2B258B9A00E935F2 /* Extension.swift in Sources */ = {isa = PBXBuildFile; fileRef = 484B107B2B258B9A00E935F2 /* Extension.swift */; };
		484B107E2B25913C00E935F2 /* SearchViewCell.swift in Sources */ = {isa = PBXBuildFile; fileRef = 484B107D2B25913C00E935F2 /* SearchViewCell.swift */; };
		484B10822B25C38400E935F2 /* Pods_CAUShortMap.framework in Frameworks */ = {isa = PBXBuildFile; fileRef = 43BCE255EDDBE7EF7119AF02 /* Pods_CAUShortMap.framework */; };
		484B10832B25C38400E935F2 /* Pods_CAUShortMap.framework in Embed Frameworks */ = {isa = PBXBuildFile; fileRef = 43BCE255EDDBE7EF7119AF02 /* Pods_CAUShortMap.framework */; settings = {ATTRIBUTES = (CodeSignOnCopy, RemoveHeadersOnCopy, ); }; };
		484B10892B25DE2200E935F2 /* GraphModel.swift in Sources */ = {isa = PBXBuildFile; fileRef = 484B10882B25DE2200E935F2 /* GraphModel.swift */; };
		484B108B2B25DE6300E935F2 /* GraphViewModel.swift in Sources */ = {isa = PBXBuildFile; fileRef = 484B108A2B25DE6300E935F2 /* GraphViewModel.swift */; };
		484B108E2B25E34A00E935F2 /* GlobalData.swift in Sources */ = {isa = PBXBuildFile; fileRef = 484B108D2B25E34A00E935F2 /* GlobalData.swift */; };
		484B10902B25E8A300E935F2 /* MapInformation.swift in Sources */ = {isa = PBXBuildFile; fileRef = 484B108F2B25E8A300E935F2 /* MapInformation.swift */; };
		48508C032B24456B0037A479 /* AppDelegate.swift in Sources */ = {isa = PBXBuildFile; fileRef = 48508C022B24456B0037A479 /* AppDelegate.swift */; };
		48508C052B24456B0037A479 /* SceneDelegate.swift in Sources */ = {isa = PBXBuildFile; fileRef = 48508C042B24456B0037A479 /* SceneDelegate.swift */; };
		48508C072B24456B0037A479 /* ViewController.swift in Sources */ = {isa = PBXBuildFile; fileRef = 48508C062B24456B0037A479 /* ViewController.swift */; };
		48508C0C2B24456C0037A479 /* Assets.xcassets in Resources */ = {isa = PBXBuildFile; fileRef = 48508C0B2B24456C0037A479 /* Assets.xcassets */; };
		4887E0D52B254E5A0031A6DC /* SearchInfo.swift in Sources */ = {isa = PBXBuildFile; fileRef = 4887E0D42B254E5A0031A6DC /* SearchInfo.swift */; };
/* End PBXBuildFile section */

/* Begin PBXCopyFilesBuildPhase section */
		484B10842B25C38400E935F2 /* Embed Frameworks */ = {
			isa = PBXCopyFilesBuildPhase;
			buildActionMask = 2147483647;
			dstPath = "";
			dstSubfolderSpec = 10;
			files = (
				484B10832B25C38400E935F2 /* Pods_CAUShortMap.framework in Embed Frameworks */,
			);
			name = "Embed Frameworks";
			runOnlyForDeploymentPostprocessing = 0;
		};
/* End PBXCopyFilesBuildPhase section */

/* Begin PBXFileReference section */
		43BCE255EDDBE7EF7119AF02 /* Pods_CAUShortMap.framework */ = {isa = PBXFileReference; explicitFileType = wrapper.framework; includeInIndex = 0; path = Pods_CAUShortMap.framework; sourceTree = BUILT_PRODUCTS_DIR; };
		48253EB42B245B6400743AA1 /* LatLngDataModel.swift */ = {isa = PBXFileReference; lastKnownFileType = sourcecode.swift; path = LatLngDataModel.swift; sourceTree = "<group>"; };
		484B107B2B258B9A00E935F2 /* Extension.swift */ = {isa = PBXFileReference; lastKnownFileType = sourcecode.swift; path = Extension.swift; sourceTree = "<group>"; };
		484B107D2B25913C00E935F2 /* SearchViewCell.swift */ = {isa = PBXFileReference; lastKnownFileType = sourcecode.swift; path = SearchViewCell.swift; sourceTree = "<group>"; };
		484B10882B25DE2200E935F2 /* GraphModel.swift */ = {isa = PBXFileReference; lastKnownFileType = sourcecode.swift; path = GraphModel.swift; sourceTree = "<group>"; };
		484B108A2B25DE6300E935F2 /* GraphViewModel.swift */ = {isa = PBXFileReference; lastKnownFileType = sourcecode.swift; path = GraphViewModel.swift; sourceTree = "<group>"; };
		484B108D2B25E34A00E935F2 /* GlobalData.swift */ = {isa = PBXFileReference; lastKnownFileType = sourcecode.swift; path = GlobalData.swift; sourceTree = "<group>"; };
		484B108F2B25E8A300E935F2 /* MapInformation.swift */ = {isa = PBXFileReference; lastKnownFileType = sourcecode.swift; path = MapInformation.swift; sourceTree = "<group>"; };
		48508BFF2B24456B0037A479 /* CAUShortMap.app */ = {isa = PBXFileReference; explicitFileType = wrapper.application; includeInIndex = 0; path = CAUShortMap.app; sourceTree = BUILT_PRODUCTS_DIR; };
		48508C022B24456B0037A479 /* AppDelegate.swift */ = {isa = PBXFileReference; lastKnownFileType = sourcecode.swift; path = AppDelegate.swift; sourceTree = "<group>"; };
		48508C042B24456B0037A479 /* SceneDelegate.swift */ = {isa = PBXFileReference; lastKnownFileType = sourcecode.swift; path = SceneDelegate.swift; sourceTree = "<group>"; };
		48508C062B24456B0037A479 /* ViewController.swift */ = {isa = PBXFileReference; lastKnownFileType = sourcecode.swift; path = ViewController.swift; sourceTree = "<group>"; };
		48508C0B2B24456C0037A479 /* Assets.xcassets */ = {isa = PBXFileReference; lastKnownFileType = folder.assetcatalog; path = Assets.xcassets; sourceTree = "<group>"; };
		48508C102B24456C0037A479 /* Info.plist */ = {isa = PBXFileReference; lastKnownFileType = text.plist.xml; path = Info.plist; sourceTree = "<group>"; };
		4864BE22AFD23C29FC8F7388 /* Pods-CAUShortMap.release.xcconfig */ = {isa = PBXFileReference; includeInIndex = 1; lastKnownFileType = text.xcconfig; name = "Pods-CAUShortMap.release.xcconfig"; path = "Target Support Files/Pods-CAUShortMap/Pods-CAUShortMap.release.xcconfig"; sourceTree = "<group>"; };
		4887E0D42B254E5A0031A6DC /* SearchInfo.swift */ = {isa = PBXFileReference; lastKnownFileType = sourcecode.swift; path = SearchInfo.swift; sourceTree = "<group>"; };
		B5F000655839905F1F64C40B /* Pods-CAUShortMap.debug.xcconfig */ = {isa = PBXFileReference; includeInIndex = 1; lastKnownFileType = text.xcconfig; name = "Pods-CAUShortMap.debug.xcconfig"; path = "Target Support Files/Pods-CAUShortMap/Pods-CAUShortMap.debug.xcconfig"; sourceTree = "<group>"; };
/* End PBXFileReference section */

/* Begin PBXFrameworksBuildPhase section */
		48508BFC2B24456B0037A479 /* Frameworks */ = {
			isa = PBXFrameworksBuildPhase;
			buildActionMask = 2147483647;
			files = (
				484B10822B25C38400E935F2 /* Pods_CAUShortMap.framework in Frameworks */,
			);
			runOnlyForDeploymentPostprocessing = 0;
		};
/* End PBXFrameworksBuildPhase section */

/* Begin PBXGroup section */
		222462A4CAE564724A532444 /* Pods */ = {
			isa = PBXGroup;
			children = (
				B5F000655839905F1F64C40B /* Pods-CAUShortMap.debug.xcconfig */,
				4864BE22AFD23C29FC8F7388 /* Pods-CAUShortMap.release.xcconfig */,
			);
			path = Pods;
			sourceTree = "<group>";
		};
		484B108C2B25DE6A00E935F2 /* Graph */ = {
			isa = PBXGroup;
			children = (
				484B10882B25DE2200E935F2 /* GraphModel.swift */,
				484B108A2B25DE6300E935F2 /* GraphViewModel.swift */,
				484B108F2B25E8A300E935F2 /* MapInformation.swift */,
			);
			path = Graph;
			sourceTree = "<group>";
		};
		48508BF62B24456B0037A479 = {
			isa = PBXGroup;
			children = (
				48508C012B24456B0037A479 /* CAUShortMap */,
				222462A4CAE564724A532444 /* Pods */,
				6C0180EE10EA2AFEB4F64BDF /* Frameworks */,
			);
			sourceTree = "<group>";
		};
		48508C002B24456B0037A479 /* Products */ = {
			isa = PBXGroup;
			children = (
				48508BFF2B24456B0037A479 /* CAUShortMap.app */,
			);
			name = Products;
			path = ..;
			sourceTree = "<group>";
		};
		48508C012B24456B0037A479 /* CAUShortMap */ = {
			isa = PBXGroup;
			children = (
				484B108D2B25E34A00E935F2 /* GlobalData.swift */,
				484B108C2B25DE6A00E935F2 /* Graph */,
				48508C022B24456B0037A479 /* AppDelegate.swift */,
				48508C042B24456B0037A479 /* SceneDelegate.swift */,
				48508C062B24456B0037A479 /* ViewController.swift */,
				4887E0D42B254E5A0031A6DC /* SearchInfo.swift */,
				484B107B2B258B9A00E935F2 /* Extension.swift */,
				484B107D2B25913C00E935F2 /* SearchViewCell.swift */,
				48253EB42B245B6400743AA1 /* LatLngDataModel.swift */,
				48508C002B24456B0037A479 /* Products */,
				48508C0B2B24456C0037A479 /* Assets.xcassets */,
				48508C102B24456C0037A479 /* Info.plist */,
			);
			path = CAUShortMap;
			sourceTree = "<group>";
		};
		6C0180EE10EA2AFEB4F64BDF /* Frameworks */ = {
			isa = PBXGroup;
			children = (
				43BCE255EDDBE7EF7119AF02 /* Pods_CAUShortMap.framework */,
			);
			name = Frameworks;
			sourceTree = "<group>";
		};
/* End PBXGroup section */

/* Begin PBXNativeTarget section */
		48508BFE2B24456B0037A479 /* CAUShortMap */ = {
			isa = PBXNativeTarget;
			buildConfigurationList = 48508C132B24456C0037A479 /* Build configuration list for PBXNativeTarget "CAUShortMap" */;
			buildPhases = (
				FC3F1215D35C606161D49FC3 /* [CP] Check Pods Manifest.lock */,
				48508BFB2B24456B0037A479 /* Sources */,
				48508BFC2B24456B0037A479 /* Frameworks */,
				48508BFD2B24456B0037A479 /* Resources */,
				271216754A493AA3D51C1596 /* [CP] Embed Pods Frameworks */,
				484B10842B25C38400E935F2 /* Embed Frameworks */,
			);
			buildRules = (
			);
			dependencies = (
			);
			name = CAUShortMap;
			packageProductDependencies = (
			);
			productName = CAUShortMap;
			productReference = 48508BFF2B24456B0037A479 /* CAUShortMap.app */;
			productType = "com.apple.product-type.application";
		};
/* End PBXNativeTarget section */

/* Begin PBXProject section */
		48508BF72B24456B0037A479 /* Project object */ = {
			isa = PBXProject;
			attributes = {
				BuildIndependentTargetsInParallel = 1;
				LastSwiftUpdateCheck = 1500;
				LastUpgradeCheck = 1500;
				TargetAttributes = {
					48508BFE2B24456B0037A479 = {
						CreatedOnToolsVersion = 15.0.1;
					};
				};
			};
			buildConfigurationList = 48508BFA2B24456B0037A479 /* Build configuration list for PBXProject "CAUShortMap" */;
			compatibilityVersion = "Xcode 14.0";
			developmentRegion = en;
			hasScannedForEncodings = 0;
			knownRegions = (
				en,
				Base,
			);
			mainGroup = 48508BF62B24456B0037A479;
			packageReferences = (
				484B107F2B25C31700E935F2 /* XCRemoteSwiftPackageReference "SnapKit" */,
			);
			productRefGroup = 48508C002B24456B0037A479 /* Products */;
			projectDirPath = "";
			projectRoot = "";
			targets = (
				48508BFE2B24456B0037A479 /* CAUShortMap */,
			);
		};
/* End PBXProject section */

/* Begin PBXResourcesBuildPhase section */
		48508BFD2B24456B0037A479 /* Resources */ = {
			isa = PBXResourcesBuildPhase;
			buildActionMask = 2147483647;
			files = (
				48508C0C2B24456C0037A479 /* Assets.xcassets in Resources */,
			);
			runOnlyForDeploymentPostprocessing = 0;
		};
/* End PBXResourcesBuildPhase section */

/* Begin PBXShellScriptBuildPhase section */
		271216754A493AA3D51C1596 /* [CP] Embed Pods Frameworks */ = {
			isa = PBXShellScriptBuildPhase;
			buildActionMask = 2147483647;
			files = (
			);
			inputFileListPaths = (
				"${PODS_ROOT}/Target Support Files/Pods-CAUShortMap/Pods-CAUShortMap-frameworks-${CONFIGURATION}-input-files.xcfilelist",
			);
			name = "[CP] Embed Pods Frameworks";
			outputFileListPaths = (
				"${PODS_ROOT}/Target Support Files/Pods-CAUShortMap/Pods-CAUShortMap-frameworks-${CONFIGURATION}-output-files.xcfilelist",
			);
			runOnlyForDeploymentPostprocessing = 0;
			shellPath = /bin/sh;
			shellScript = "\"${PODS_ROOT}/Target Support Files/Pods-CAUShortMap/Pods-CAUShortMap-frameworks.sh\"\n";
			showEnvVarsInLog = 0;
		};
		FC3F1215D35C606161D49FC3 /* [CP] Check Pods Manifest.lock */ = {
			isa = PBXShellScriptBuildPhase;
			buildActionMask = 2147483647;
			files = (
			);
			inputFileListPaths = (
			);
			inputPaths = (
				"${PODS_PODFILE_DIR_PATH}/Podfile.lock",
				"${PODS_ROOT}/Manifest.lock",
			);
			name = "[CP] Check Pods Manifest.lock";
			outputFileListPaths = (
			);
			outputPaths = (
				"$(DERIVED_FILE_DIR)/Pods-CAUShortMap-checkManifestLockResult.txt",
			);
			runOnlyForDeploymentPostprocessing = 0;
			shellPath = /bin/sh;
			shellScript = "diff \"${PODS_PODFILE_DIR_PATH}/Podfile.lock\" \"${PODS_ROOT}/Manifest.lock\" > /dev/null\nif [ $? != 0 ] ; then\n    # print error to STDERR\n    echo \"error: The sandbox is not in sync with the Podfile.lock. Run 'pod install' or update your CocoaPods installation.\" >&2\n    exit 1\nfi\n# This output is used by Xcode 'outputs' to avoid re-running this script phase.\necho \"SUCCESS\" > \"${SCRIPT_OUTPUT_FILE_0}\"\n";
			showEnvVarsInLog = 0;
		};
/* End PBXShellScriptBuildPhase section */

/* Begin PBXSourcesBuildPhase section */
		48508BFB2B24456B0037A479 /* Sources */ = {
			isa = PBXSourcesBuildPhase;
			buildActionMask = 2147483647;
			files = (
				48508C072B24456B0037A479 /* ViewController.swift in Sources */,
				484B107E2B25913C00E935F2 /* SearchViewCell.swift in Sources */,
				484B108B2B25DE6300E935F2 /* GraphViewModel.swift in Sources */,
				48253EB52B245B6400743AA1 /* LatLngDataModel.swift in Sources */,
				4887E0D52B254E5A0031A6DC /* SearchInfo.swift in Sources */,
				484B10902B25E8A300E935F2 /* MapInformation.swift in Sources */,
				484B107C2B258B9A00E935F2 /* Extension.swift in Sources */,
				484B108E2B25E34A00E935F2 /* GlobalData.swift in Sources */,
				48508C032B24456B0037A479 /* AppDelegate.swift in Sources */,
				484B10892B25DE2200E935F2 /* GraphModel.swift in Sources */,
				48508C052B24456B0037A479 /* SceneDelegate.swift in Sources */,
			);
			runOnlyForDeploymentPostprocessing = 0;
		};
/* End PBXSourcesBuildPhase section */

/* Begin XCBuildConfiguration section */
		48508C112B24456C0037A479 /* Debug */ = {
			isa = XCBuildConfiguration;
			buildSettings = {
				ALWAYS_SEARCH_USER_PATHS = NO;
				ASSETCATALOG_COMPILER_GENERATE_SWIFT_ASSET_SYMBOL_EXTENSIONS = YES;
				CLANG_ANALYZER_NONNULL = YES;
				CLANG_ANALYZER_NUMBER_OBJECT_CONVERSION = YES_AGGRESSIVE;
				CLANG_CXX_LANGUAGE_STANDARD = "gnu++20";
				CLANG_ENABLE_MODULES = YES;
				CLANG_ENABLE_OBJC_ARC = YES;
				CLANG_ENABLE_OBJC_WEAK = YES;
				CLANG_WARN_BLOCK_CAPTURE_AUTORELEASING = YES;
				CLANG_WARN_BOOL_CONVERSION = YES;
				CLANG_WARN_COMMA = YES;
				CLANG_WARN_CONSTANT_CONVERSION = YES;
				CLANG_WARN_DEPRECATED_OBJC_IMPLEMENTATIONS = YES;
				CLANG_WARN_DIRECT_OBJC_ISA_USAGE = YES_ERROR;
				CLANG_WARN_DOCUMENTATION_COMMENTS = YES;
				CLANG_WARN_EMPTY_BODY = YES;
				CLANG_WARN_ENUM_CONVERSION = YES;
				CLANG_WARN_INFINITE_RECURSION = YES;
				CLANG_WARN_INT_CONVERSION = YES;
				CLANG_WARN_NON_LITERAL_NULL_CONVERSION = YES;
				CLANG_WARN_OBJC_IMPLICIT_RETAIN_SELF = YES;
				CLANG_WARN_OBJC_LITERAL_CONVERSION = YES;
				CLANG_WARN_OBJC_ROOT_CLASS = YES_ERROR;
				CLANG_WARN_QUOTED_INCLUDE_IN_FRAMEWORK_HEADER = YES;
				CLANG_WARN_RANGE_LOOP_ANALYSIS = YES;
				CLANG_WARN_STRICT_PROTOTYPES = YES;
				CLANG_WARN_SUSPICIOUS_MOVE = YES;
				CLANG_WARN_UNGUARDED_AVAILABILITY = YES_AGGRESSIVE;
				CLANG_WARN_UNREACHABLE_CODE = YES;
				CLANG_WARN__DUPLICATE_METHOD_MATCH = YES;
				COPY_PHASE_STRIP = NO;
				DEBUG_INFORMATION_FORMAT = dwarf;
				ENABLE_STRICT_OBJC_MSGSEND = YES;
				ENABLE_TESTABILITY = YES;
				ENABLE_USER_SCRIPT_SANDBOXING = NO;
				GCC_C_LANGUAGE_STANDARD = gnu17;
				GCC_DYNAMIC_NO_PIC = NO;
				GCC_NO_COMMON_BLOCKS = YES;
				GCC_OPTIMIZATION_LEVEL = 0;
				GCC_PREPROCESSOR_DEFINITIONS = (
					"DEBUG=1",
					"$(inherited)",
				);
				GCC_WARN_64_TO_32_BIT_CONVERSION = YES;
				GCC_WARN_ABOUT_RETURN_TYPE = YES_ERROR;
				GCC_WARN_UNDECLARED_SELECTOR = YES;
				GCC_WARN_UNINITIALIZED_AUTOS = YES_AGGRESSIVE;
				GCC_WARN_UNUSED_FUNCTION = YES;
				GCC_WARN_UNUSED_VARIABLE = YES;
				IPHONEOS_DEPLOYMENT_TARGET = 17.0;
				LOCALIZATION_PREFERS_STRING_CATALOGS = YES;
				MTL_ENABLE_DEBUG_INFO = INCLUDE_SOURCE;
				MTL_FAST_MATH = YES;
				ONLY_ACTIVE_ARCH = YES;
				SDKROOT = iphoneos;
				SWIFT_ACTIVE_COMPILATION_CONDITIONS = "DEBUG $(inherited)";
				SWIFT_OPTIMIZATION_LEVEL = "-Onone";
			};
			name = Debug;
		};
		48508C122B24456C0037A479 /* Release */ = {
			isa = XCBuildConfiguration;
			buildSettings = {
				ALWAYS_SEARCH_USER_PATHS = NO;
				ASSETCATALOG_COMPILER_GENERATE_SWIFT_ASSET_SYMBOL_EXTENSIONS = YES;
				CLANG_ANALYZER_NONNULL = YES;
				CLANG_ANALYZER_NUMBER_OBJECT_CONVERSION = YES_AGGRESSIVE;
				CLANG_CXX_LANGUAGE_STANDARD = "gnu++20";
				CLANG_ENABLE_MODULES = YES;
				CLANG_ENABLE_OBJC_ARC = YES;
				CLANG_ENABLE_OBJC_WEAK = YES;
				CLANG_WARN_BLOCK_CAPTURE_AUTORELEASING = YES;
				CLANG_WARN_BOOL_CONVERSION = YES;
				CLANG_WARN_COMMA = YES;
				CLANG_WARN_CONSTANT_CONVERSION = YES;
				CLANG_WARN_DEPRECATED_OBJC_IMPLEMENTATIONS = YES;
				CLANG_WARN_DIRECT_OBJC_ISA_USAGE = YES_ERROR;
				CLANG_WARN_DOCUMENTATION_COMMENTS = YES;
				CLANG_WARN_EMPTY_BODY = YES;
				CLANG_WARN_ENUM_CONVERSION = YES;
				CLANG_WARN_INFINITE_RECURSION = YES;
				CLANG_WARN_INT_CONVERSION = YES;
				CLANG_WARN_NON_LITERAL_NULL_CONVERSION = YES;
				CLANG_WARN_OBJC_IMPLICIT_RETAIN_SELF = YES;
				CLANG_WARN_OBJC_LITERAL_CONVERSION = YES;
				CLANG_WARN_OBJC_ROOT_CLASS = YES_ERROR;
				CLANG_WARN_QUOTED_INCLUDE_IN_FRAMEWORK_HEADER = YES;
				CLANG_WARN_RANGE_LOOP_ANALYSIS = YES;
				CLANG_WARN_STRICT_PROTOTYPES = YES;
				CLANG_WARN_SUSPICIOUS_MOVE = YES;
				CLANG_WARN_UNGUARDED_AVAILABILITY = YES_AGGRESSIVE;
				CLANG_WARN_UNREACHABLE_CODE = YES;
				CLANG_WARN__DUPLICATE_METHOD_MATCH = YES;
				COPY_PHASE_STRIP = NO;
				DEBUG_INFORMATION_FORMAT = "dwarf-with-dsym";
				ENABLE_NS_ASSERTIONS = NO;
				ENABLE_STRICT_OBJC_MSGSEND = YES;
				ENABLE_USER_SCRIPT_SANDBOXING = NO;
				GCC_C_LANGUAGE_STANDARD = gnu17;
				GCC_NO_COMMON_BLOCKS = YES;
				GCC_WARN_64_TO_32_BIT_CONVERSION = YES;
				GCC_WARN_ABOUT_RETURN_TYPE = YES_ERROR;
				GCC_WARN_UNDECLARED_SELECTOR = YES;
				GCC_WARN_UNINITIALIZED_AUTOS = YES_AGGRESSIVE;
				GCC_WARN_UNUSED_FUNCTION = YES;
				GCC_WARN_UNUSED_VARIABLE = YES;
				IPHONEOS_DEPLOYMENT_TARGET = 17.0;
				LOCALIZATION_PREFERS_STRING_CATALOGS = YES;
				MTL_ENABLE_DEBUG_INFO = NO;
				MTL_FAST_MATH = YES;
				SDKROOT = iphoneos;
				SWIFT_COMPILATION_MODE = wholemodule;
				VALIDATE_PRODUCT = YES;
			};
			name = Release;
		};
		48508C142B24456C0037A479 /* Debug */ = {
			isa = XCBuildConfiguration;
			baseConfigurationReference = B5F000655839905F1F64C40B /* Pods-CAUShortMap.debug.xcconfig */;
			buildSettings = {
				ALWAYS_EMBED_SWIFT_STANDARD_LIBRARIES = YES;
				ASSETCATALOG_COMPILER_APPICON_NAME = AppIcon;
				ASSETCATALOG_COMPILER_GLOBAL_ACCENT_COLOR_NAME = AccentColor;
				CODE_SIGN_STYLE = Automatic;
				CURRENT_PROJECT_VERSION = 1;
				DEVELOPMENT_TEAM = 8B8B4462NV;
				GENERATE_INFOPLIST_FILE = YES;
				INFOPLIST_FILE = CAUShortMap/Info.plist;
				INFOPLIST_KEY_UIApplicationSupportsIndirectInputEvents = YES;
				INFOPLIST_KEY_UILaunchStoryboardName = LaunchScreen;
				INFOPLIST_KEY_UISupportedInterfaceOrientations_iPad = "UIInterfaceOrientationPortrait UIInterfaceOrientationPortraitUpsideDown UIInterfaceOrientationLandscapeLeft UIInterfaceOrientationLandscapeRight";
				INFOPLIST_KEY_UISupportedInterfaceOrientations_iPhone = "UIInterfaceOrientationPortrait UIInterfaceOrientationLandscapeLeft UIInterfaceOrientationLandscapeRight";
				LD_RUNPATH_SEARCH_PATHS = (
					"$(inherited)",
					"@executable_path/Frameworks",
				);
				MARKETING_VERSION = 1.0;
				PRODUCT_BUNDLE_IDENTIFIER = app.CAUShortMap;
				PRODUCT_NAME = "$(TARGET_NAME)";
				SWIFT_EMIT_LOC_STRINGS = YES;
				SWIFT_VERSION = 5.0;
				TARGETED_DEVICE_FAMILY = "1,2";
			};
			name = Debug;
		};
		48508C152B24456C0037A479 /* Release */ = {
			isa = XCBuildConfiguration;
			baseConfigurationReference = 4864BE22AFD23C29FC8F7388 /* Pods-CAUShortMap.release.xcconfig */;
			buildSettings = {
				ALWAYS_EMBED_SWIFT_STANDARD_LIBRARIES = YES;
				ASSETCATALOG_COMPILER_APPICON_NAME = AppIcon;
				ASSETCATALOG_COMPILER_GLOBAL_ACCENT_COLOR_NAME = AccentColor;
				CODE_SIGN_STYLE = Automatic;
				CURRENT_PROJECT_VERSION = 1;
				DEVELOPMENT_TEAM = 8B8B4462NV;
				GENERATE_INFOPLIST_FILE = YES;
				INFOPLIST_FILE = CAUShortMap/Info.plist;
				INFOPLIST_KEY_UIApplicationSupportsIndirectInputEvents = YES;
				INFOPLIST_KEY_UILaunchStoryboardName = LaunchScreen;
				INFOPLIST_KEY_UISupportedInterfaceOrientations_iPad = "UIInterfaceOrientationPortrait UIInterfaceOrientationPortraitUpsideDown UIInterfaceOrientationLandscapeLeft UIInterfaceOrientationLandscapeRight";
				INFOPLIST_KEY_UISupportedInterfaceOrientations_iPhone = "UIInterfaceOrientationPortrait UIInterfaceOrientationLandscapeLeft UIInterfaceOrientationLandscapeRight";
				LD_RUNPATH_SEARCH_PATHS = (
					"$(inherited)",
					"@executable_path/Frameworks",
				);
				MARKETING_VERSION = 1.0;
				PRODUCT_BUNDLE_IDENTIFIER = app.CAUShortMap;
				PRODUCT_NAME = "$(TARGET_NAME)";
				SWIFT_EMIT_LOC_STRINGS = YES;
				SWIFT_VERSION = 5.0;
				TARGETED_DEVICE_FAMILY = "1,2";
			};
			name = Release;
		};
/* End XCBuildConfiguration section */

/* Begin XCConfigurationList section */
		48508BFA2B24456B0037A479 /* Build configuration list for PBXProject "CAUShortMap" */ = {
			isa = XCConfigurationList;
			buildConfigurations = (
				48508C112B24456C0037A479 /* Debug */,
				48508C122B24456C0037A479 /* Release */,
			);
			defaultConfigurationIsVisible = 0;
			defaultConfigurationName = Release;
		};
		48508C132B24456C0037A479 /* Build configuration list for PBXNativeTarget "CAUShortMap" */ = {
			isa = XCConfigurationList;
			buildConfigurations = (
				48508C142B24456C0037A479 /* Debug */,
				48508C152B24456C0037A479 /* Release */,
			);
			defaultConfigurationIsVisible = 0;
			defaultConfigurationName = Release;
		};
/* End XCConfigurationList section */

/* Begin XCRemoteSwiftPackageReference section */
		484B107F2B25C31700E935F2 /* XCRemoteSwiftPackageReference "SnapKit" */ = {
			isa = XCRemoteSwiftPackageReference;
			repositoryURL = "https://github.com/SnapKit/SnapKit";
			requirement = {
				kind = upToNextMajorVersion;
				minimumVersion = 5.6.0;
			};
		};
/* End XCRemoteSwiftPackageReference section */
	};
	rootObject = 48508BF72B24456B0037A479 /* Project object */;
}
